
Microsoft Visual Studio Solution File, Format Version 12.00
# Visual Studio 2012
Project("{8BC9CEB8-8B4A-11D0-8D11-00A0C91BC942}") = "Melnik_Kursova", "Melnik_Kursova\Melnik_Kursova.vcxproj", "{CBAAA4CB-6D85-42AD-BE61-90B9B8C5C01A}"
EndProject
Global
	GlobalSection(SolutionConfigurationPlatforms) = preSolution
		Debug|Win32 = Debug|Win32
		Release|Win32 = Release|Win32
	EndGlobalSection
	GlobalSection(ProjectConfigurationPlatforms) = postSolution
		{CBAAA4CB-6D85-42AD-BE61-90B9B8C5C01A}.Debug|Win32.ActiveCfg = Debug|Win32
		{CBAAA4CB-6D85-42AD-BE61-90B9B8C5C01A}.Debug|Win32.Build.0 = Debug|Win32
		{CBAAA4CB-6D85-42AD-BE61-90B9B8C5C01A}.Release|Win32.ActiveCfg = Release|Win32
		{CBAAA4CB-6D85-42AD-BE61-90B9B8C5C01A}.Release|Win32.Build.0 = Release|Win32
	EndGlobalSection
	GlobalSection(SolutionProperties) = preSolution
		HideSolutionNode = FALSE
	EndGlobalSection
EndGlobal
